
Microsoft Visual Studio Solution File, Format Version 12.00
# Visual Studio Version 16
VisualStudioVersion = 16.0.31515.178
MinimumVisualStudioVersion = 10.0.40219.1
Project("{9A19103F-16F7-4668-BE54-9A1E7A4F7556}") = "BookListRazor", "BookListRazor\BookListRazor.csproj", "{937995F3-2D97-4C4C-8223-B93305C8E1D3}"
EndProject
Global
	GlobalSection(SolutionConfigurationPlatforms) = preSolution
		Debug|Any CPU = Debug|Any CPU
		Release|Any CPU = Release|Any CPU
	EndGlobalSection
	GlobalSection(ProjectConfigurationPlatforms) = postSolution
		{937995F3-2D97-4C4C-8223-B93305C8E1D3}.Debug|Any CPU.ActiveCfg = Debug|Any CPU
		{937995F3-2D97-4C4C-8223-B93305C8E1D3}.Debug|Any CPU.Build.0 = Debug|Any CPU
		{937995F3-2D97-4C4C-8223-B93305C8E1D3}.Release|Any CPU.ActiveCfg = Release|Any CPU
		{937995F3-2D97-4C4C-8223-B93305C8E1D3}.Release|Any CPU.Build.0 = Release|Any CPU
	EndGlobalSection
	GlobalSection(SolutionProperties) = preSolution
		HideSolutionNode = FALSE
	EndGlobalSection
	GlobalSection(ExtensibilityGlobals) = postSolution
		SolutionGuid = {13AF0761-069F-488E-A856-73859C2A02B3}
	EndGlobalSection
EndGlobal
